
Microsoft Visual Studio Solution File, Format Version 12.00
# Visual Studio Version 16
VisualStudioVersion = 16.0.30011.22
MinimumVisualStudioVersion = 10.0.40219.1
Project("{FAE04EC0-301F-11D3-BF4B-00C04F79EFBC}") = "DotNetMusicPlay", "DotNetMusicPlay\DotNetMusicPlay.csproj", "{CFA974F9-37DC-49D6-ACBB-78420B68EA3E}"
EndProject
Global
	GlobalSection(SolutionConfigurationPlatforms) = preSolution
		Debug|Any CPU = Debug|Any CPU
		Release|Any CPU = Release|Any CPU
	EndGlobalSection
	GlobalSection(ProjectConfigurationPlatforms) = postSolution
		{CFA974F9-37DC-49D6-ACBB-78420B68EA3E}.Debug|Any CPU.ActiveCfg = Debug|Any CPU
		{CFA974F9-37DC-49D6-ACBB-78420B68EA3E}.Debug|Any CPU.Build.0 = Debug|Any CPU
		{CFA974F9-37DC-49D6-ACBB-78420B68EA3E}.Release|Any CPU.ActiveCfg = Release|Any CPU
		{CFA974F9-37DC-49D6-ACBB-78420B68EA3E}.Release|Any CPU.Build.0 = Release|Any CPU
	EndGlobalSection
	GlobalSection(SolutionProperties) = preSolution
		HideSolutionNode = FALSE
	EndGlobalSection
	GlobalSection(ExtensibilityGlobals) = postSolution
		SolutionGuid = {2063FE30-98AB-4088-BF44-AD5D1F41867A}
	EndGlobalSection
EndGlobal
